
Microsoft Visual Studio Solution File, Format Version 12.00
# Visual Studio Version 16
VisualStudioVersion = 16.0.31019.35
MinimumVisualStudioVersion = 10.0.40219.1
Project("{FAE04EC0-301F-11D3-BF4B-00C04F79EFBC}") = "NieR Automata Save Converter", "NieR Automata Save Converter.csproj", "{20C33E64-D969-4B69-BEFA-3663F25DB773}"
EndProject
Global
	GlobalSection(SolutionConfigurationPlatforms) = preSolution
		Debug|Any CPU = Debug|Any CPU
		Release|Any CPU = Release|Any CPU
	EndGlobalSection
	GlobalSection(ProjectConfigurationPlatforms) = postSolution
		{20C33E64-D969-4B69-BEFA-3663F25DB773}.Debug|Any CPU.ActiveCfg = Debug|Any CPU
		{20C33E64-D969-4B69-BEFA-3663F25DB773}.Debug|Any CPU.Build.0 = Debug|Any CPU
		{20C33E64-D969-4B69-BEFA-3663F25DB773}.Release|Any CPU.ActiveCfg = Release|Any CPU
		{20C33E64-D969-4B69-BEFA-3663F25DB773}.Release|Any CPU.Build.0 = Release|Any CPU
	EndGlobalSection
	GlobalSection(SolutionProperties) = preSolution
		HideSolutionNode = FALSE
	EndGlobalSection
	GlobalSection(ExtensibilityGlobals) = postSolution
		SolutionGuid = {CE42A3B7-ACC9-4403-91CD-75A2BE14CF75}
	EndGlobalSection
EndGlobal
